// !$*UTF8*$!
{
	archiveVersion = 1;
	classes = {
	};
	objectVersion = 56;
	objects = {

/* Begin PBXBuildFile section */
		9EB01F962B95CA1500D26366 /* StocksAppApp.swift in Sources */ = {isa = PBXBuildFile; fileRef = 9EB01F952B95CA1500D26366 /* StocksAppApp.swift */; };
		9EB01F982B95CA1500D26366 /* ContentView.swift in Sources */ = {isa = PBXBuildFile; fileRef = 9EB01F972B95CA1500D26366 /* ContentView.swift */; };
		9EB01F9A2B95CA1700D26366 /* Assets.xcassets in Resources */ = {isa = PBXBuildFile; fileRef = 9EB01F992B95CA1700D26366 /* Assets.xcassets */; };
		9EB01F9D2B95CA1700D26366 /* Preview Assets.xcassets in Resources */ = {isa = PBXBuildFile; fileRef = 9EB01F9C2B95CA1700D26366 /* Preview Assets.xcassets */; };
		9EB01FA72B95CA1700D26366 /* StocksAppTests.swift in Sources */ = {isa = PBXBuildFile; fileRef = 9EB01FA62B95CA1700D26366 /* StocksAppTests.swift */; };
		9EB01FB12B95CA1700D26366 /* StocksAppUITests.swift in Sources */ = {isa = PBXBuildFile; fileRef = 9EB01FB02B95CA1700D26366 /* StocksAppUITests.swift */; };
		9EB01FB32B95CA1700D26366 /* StocksAppUITestsLaunchTests.swift in Sources */ = {isa = PBXBuildFile; fileRef = 9EB01FB22B95CA1700D26366 /* StocksAppUITestsLaunchTests.swift */; };
		9EB01FC32B95CCB800D26366 /* APIErrorResponse.swift in Sources */ = {isa = PBXBuildFile; fileRef = 9EB01FC22B95CCB800D26366 /* APIErrorResponse.swift */; };
		9EB01FC52B95CCCC00D26366 /* ResultResponse.swift in Sources */ = {isa = PBXBuildFile; fileRef = 9EB01FC42B95CCCC00D26366 /* ResultResponse.swift */; };
		9EB01FC82B95CCEB00D26366 /* APIRequest.swift in Sources */ = {isa = PBXBuildFile; fileRef = 9EB01FC72B95CCEB00D26366 /* APIRequest.swift */; };
		9EB01FCA2B95CCFF00D26366 /* HTTPMethod.swift in Sources */ = {isa = PBXBuildFile; fileRef = 9EB01FC92B95CCFF00D26366 /* HTTPMethod.swift */; };
		9EB01FCC2B95CD1200D26366 /* NetworkRequest.swift in Sources */ = {isa = PBXBuildFile; fileRef = 9EB01FCB2B95CD1200D26366 /* NetworkRequest.swift */; };
		9EB01FCE2B95CD2E00D26366 /* NetworkRequester.swift in Sources */ = {isa = PBXBuildFile; fileRef = 9EB01FCD2B95CD2E00D26366 /* NetworkRequester.swift */; };
		9EB01FD12B95CD5300D26366 /* APIURL.swift in Sources */ = {isa = PBXBuildFile; fileRef = 9EB01FD02B95CD5300D26366 /* APIURL.swift */; };
		9EB01FD32B95CD6900D26366 /* APIPath.swift in Sources */ = {isa = PBXBuildFile; fileRef = 9EB01FD22B95CD6900D26366 /* APIPath.swift */; };
		9EB01FD52B95CD8600D26366 /* Constants.swift in Sources */ = {isa = PBXBuildFile; fileRef = 9EB01FD42B95CD8600D26366 /* Constants.swift */; };
		9EB01FDA2B96086700D26366 /* StocksAPI.swift in Sources */ = {isa = PBXBuildFile; fileRef = 9EB01FD92B96086700D26366 /* StocksAPI.swift */; };
		9EB01FDC2B9608A900D26366 /* StocksAPIProtocol.swift in Sources */ = {isa = PBXBuildFile; fileRef = 9EB01FDB2B9608A900D26366 /* StocksAPIProtocol.swift */; };
		9EB01FDE2B9608BE00D26366 /* StocksRequest.swift in Sources */ = {isa = PBXBuildFile; fileRef = 9EB01FDD2B9608BE00D26366 /* StocksRequest.swift */; };
		9EB01FE02B9608E600D26366 /* StockListScreen.swift in Sources */ = {isa = PBXBuildFile; fileRef = 9EB01FDF2B9608E600D26366 /* StockListScreen.swift */; };
		9EB01FE22B9608FF00D26366 /* StockListViewModel.swift in Sources */ = {isa = PBXBuildFile; fileRef = 9EB01FE12B9608FF00D26366 /* StockListViewModel.swift */; };
		9EB01FE52B96097000D26366 /* StockItem.swift in Sources */ = {isa = PBXBuildFile; fileRef = 9EB01FE42B96097000D26366 /* StockItem.swift */; };
		9EB01FE72B96109700D26366 /* StockListItemView.swift in Sources */ = {isa = PBXBuildFile; fileRef = 9EB01FE62B96109700D26366 /* StockListItemView.swift */; };
		9EB01FEA2B9622D800D26366 /* Double+Ext.swift in Sources */ = {isa = PBXBuildFile; fileRef = 9EB01FE92B9622D800D26366 /* Double+Ext.swift */; };
		9EB01FEC2B96233400D26366 /* String+Ext.swift in Sources */ = {isa = PBXBuildFile; fileRef = 9EB01FEB2B96233400D26366 /* String+Ext.swift */; };
/* End PBXBuildFile section */

/* Begin PBXContainerItemProxy section */
		9EB01FA32B95CA1700D26366 /* PBXContainerItemProxy */ = {
			isa = PBXContainerItemProxy;
			containerPortal = 9EB01F8A2B95CA1500D26366 /* Project object */;
			proxyType = 1;
			remoteGlobalIDString = 9EB01F912B95CA1500D26366;
			remoteInfo = StocksApp;
		};
		9EB01FAD2B95CA1700D26366 /* PBXContainerItemProxy */ = {
			isa = PBXContainerItemProxy;
			containerPortal = 9EB01F8A2B95CA1500D26366 /* Project object */;
			proxyType = 1;
			remoteGlobalIDString = 9EB01F912B95CA1500D26366;
			remoteInfo = StocksApp;
		};
/* End PBXContainerItemProxy section */

/* Begin PBXFileReference section */
		9EB01F922B95CA1500D26366 /* StocksApp.app */ = {isa = PBXFileReference; explicitFileType = wrapper.application; includeInIndex = 0; path = StocksApp.app; sourceTree = BUILT_PRODUCTS_DIR; };
		9EB01F952B95CA1500D26366 /* StocksAppApp.swift */ = {isa = PBXFileReference; lastKnownFileType = sourcecode.swift; path = StocksAppApp.swift; sourceTree = "<group>"; };
		9EB01F972B95CA1500D26366 /* ContentView.swift */ = {isa = PBXFileReference; lastKnownFileType = sourcecode.swift; path = ContentView.swift; sourceTree = "<group>"; };
		9EB01F992B95CA1700D26366 /* Assets.xcassets */ = {isa = PBXFileReference; lastKnownFileType = folder.assetcatalog; path = Assets.xcassets; sourceTree = "<group>"; };
		9EB01F9C2B95CA1700D26366 /* Preview Assets.xcassets */ = {isa = PBXFileReference; lastKnownFileType = folder.assetcatalog; path = "Preview Assets.xcassets"; sourceTree = "<group>"; };
		9EB01FA22B95CA1700D26366 /* StocksAppTests.xctest */ = {isa = PBXFileReference; explicitFileType = wrapper.cfbundle; includeInIndex = 0; path = StocksAppTests.xctest; sourceTree = BUILT_PRODUCTS_DIR; };
		9EB01FA62B95CA1700D26366 /* StocksAppTests.swift */ = {isa = PBXFileReference; lastKnownFileType = sourcecode.swift; path = StocksAppTests.swift; sourceTree = "<group>"; };
		9EB01FAC2B95CA1700D26366 /* StocksAppUITests.xctest */ = {isa = PBXFileReference; explicitFileType = wrapper.cfbundle; includeInIndex = 0; path = StocksAppUITests.xctest; sourceTree = BUILT_PRODUCTS_DIR; };
		9EB01FB02B95CA1700D26366 /* StocksAppUITests.swift */ = {isa = PBXFileReference; lastKnownFileType = sourcecode.swift; path = StocksAppUITests.swift; sourceTree = "<group>"; };
		9EB01FB22B95CA1700D26366 /* StocksAppUITestsLaunchTests.swift */ = {isa = PBXFileReference; lastKnownFileType = sourcecode.swift; path = StocksAppUITestsLaunchTests.swift; sourceTree = "<group>"; };
		9EB01FC22B95CCB800D26366 /* APIErrorResponse.swift */ = {isa = PBXFileReference; lastKnownFileType = sourcecode.swift; path = APIErrorResponse.swift; sourceTree = "<group>"; };
		9EB01FC42B95CCCC00D26366 /* ResultResponse.swift */ = {isa = PBXFileReference; lastKnownFileType = sourcecode.swift; path = ResultResponse.swift; sourceTree = "<group>"; };
		9EB01FC72B95CCEB00D26366 /* APIRequest.swift */ = {isa = PBXFileReference; lastKnownFileType = sourcecode.swift; path = APIRequest.swift; sourceTree = "<group>"; };
		9EB01FC92B95CCFF00D26366 /* HTTPMethod.swift */ = {isa = PBXFileReference; lastKnownFileType = sourcecode.swift; path = HTTPMethod.swift; sourceTree = "<group>"; };
		9EB01FCB2B95CD1200D26366 /* NetworkRequest.swift */ = {isa = PBXFileReference; lastKnownFileType = sourcecode.swift; path = NetworkRequest.swift; sourceTree = "<group>"; };
		9EB01FCD2B95CD2E00D26366 /* NetworkRequester.swift */ = {isa = PBXFileReference; lastKnownFileType = sourcecode.swift; path = NetworkRequester.swift; sourceTree = "<group>"; };
		9EB01FD02B95CD5300D26366 /* APIURL.swift */ = {isa = PBXFileReference; lastKnownFileType = sourcecode.swift; path = APIURL.swift; sourceTree = "<group>"; };
		9EB01FD22B95CD6900D26366 /* APIPath.swift */ = {isa = PBXFileReference; lastKnownFileType = sourcecode.swift; path = APIPath.swift; sourceTree = "<group>"; };
		9EB01FD42B95CD8600D26366 /* Constants.swift */ = {isa = PBXFileReference; lastKnownFileType = sourcecode.swift; path = Constants.swift; sourceTree = "<group>"; };
		9EB01FD92B96086700D26366 /* StocksAPI.swift */ = {isa = PBXFileReference; lastKnownFileType = sourcecode.swift; path = StocksAPI.swift; sourceTree = "<group>"; };
		9EB01FDB2B9608A900D26366 /* StocksAPIProtocol.swift */ = {isa = PBXFileReference; lastKnownFileType = sourcecode.swift; path = StocksAPIProtocol.swift; sourceTree = "<group>"; };
		9EB01FDD2B9608BE00D26366 /* StocksRequest.swift */ = {isa = PBXFileReference; lastKnownFileType = sourcecode.swift; path = StocksRequest.swift; sourceTree = "<group>"; };
		9EB01FDF2B9608E600D26366 /* StockListScreen.swift */ = {isa = PBXFileReference; lastKnownFileType = sourcecode.swift; path = StockListScreen.swift; sourceTree = "<group>"; };
		9EB01FE12B9608FF00D26366 /* StockListViewModel.swift */ = {isa = PBXFileReference; lastKnownFileType = sourcecode.swift; path = StockListViewModel.swift; sourceTree = "<group>"; };
		9EB01FE42B96097000D26366 /* StockItem.swift */ = {isa = PBXFileReference; lastKnownFileType = sourcecode.swift; path = StockItem.swift; sourceTree = "<group>"; };
		9EB01FE62B96109700D26366 /* StockListItemView.swift */ = {isa = PBXFileReference; lastKnownFileType = sourcecode.swift; path = StockListItemView.swift; sourceTree = "<group>"; };
		9EB01FE92B9622D800D26366 /* Double+Ext.swift */ = {isa = PBXFileReference; lastKnownFileType = sourcecode.swift; path = "Double+Ext.swift"; sourceTree = "<group>"; };
		9EB01FEB2B96233400D26366 /* String+Ext.swift */ = {isa = PBXFileReference; lastKnownFileType = sourcecode.swift; path = "String+Ext.swift"; sourceTree = "<group>"; };
/* End PBXFileReference section */

/* Begin PBXFrameworksBuildPhase section */
		9EB01F8F2B95CA1500D26366 /* Frameworks */ = {
			isa = PBXFrameworksBuildPhase;
			buildActionMask = 2147483647;
			files = (
			);
			runOnlyForDeploymentPostprocessing = 0;
		};
		9EB01F9F2B95CA1700D26366 /* Frameworks */ = {
			isa = PBXFrameworksBuildPhase;
			buildActionMask = 2147483647;
			files = (
			);
			runOnlyForDeploymentPostprocessing = 0;
		};
		9EB01FA92B95CA1700D26366 /* Frameworks */ = {
			isa = PBXFrameworksBuildPhase;
			buildActionMask = 2147483647;
			files = (
			);
			runOnlyForDeploymentPostprocessing = 0;
		};
/* End PBXFrameworksBuildPhase section */

/* Begin PBXGroup section */
		9EB01F892B95CA1500D26366 = {
			isa = PBXGroup;
			children = (
				9EB01F942B95CA1500D26366 /* StocksApp */,
				9EB01FA52B95CA1700D26366 /* StocksAppTests */,
				9EB01FAF2B95CA1700D26366 /* StocksAppUITests */,
				9EB01F932B95CA1500D26366 /* Products */,
			);
			sourceTree = "<group>";
		};
		9EB01F932B95CA1500D26366 /* Products */ = {
			isa = PBXGroup;
			children = (
				9EB01F922B95CA1500D26366 /* StocksApp.app */,
				9EB01FA22B95CA1700D26366 /* StocksAppTests.xctest */,
				9EB01FAC2B95CA1700D26366 /* StocksAppUITests.xctest */,
			);
			name = Products;
			sourceTree = "<group>";
		};
		9EB01F942B95CA1500D26366 /* StocksApp */ = {
			isa = PBXGroup;
			children = (
				9EB01FD62B96081800D26366 /* Stocks */,
				9EB01FBF2B95CC7B00D26366 /* Common */,
				9EB01F952B95CA1500D26366 /* StocksAppApp.swift */,
				9EB01F972B95CA1500D26366 /* ContentView.swift */,
				9EB01F992B95CA1700D26366 /* Assets.xcassets */,
				9EB01F9B2B95CA1700D26366 /* Preview Content */,
			);
			path = StocksApp;
			sourceTree = "<group>";
		};
		9EB01F9B2B95CA1700D26366 /* Preview Content */ = {
			isa = PBXGroup;
			children = (
				9EB01F9C2B95CA1700D26366 /* Preview Assets.xcassets */,
			);
			path = "Preview Content";
			sourceTree = "<group>";
		};
		9EB01FA52B95CA1700D26366 /* StocksAppTests */ = {
			isa = PBXGroup;
			children = (
				9EB01FA62B95CA1700D26366 /* StocksAppTests.swift */,
			);
			path = StocksAppTests;
			sourceTree = "<group>";
		};
		9EB01FAF2B95CA1700D26366 /* StocksAppUITests */ = {
			isa = PBXGroup;
			children = (
				9EB01FB02B95CA1700D26366 /* StocksAppUITests.swift */,
				9EB01FB22B95CA1700D26366 /* StocksAppUITestsLaunchTests.swift */,
			);
			path = StocksAppUITests;
			sourceTree = "<group>";
		};
		9EB01FBF2B95CC7B00D26366 /* Common */ = {
			isa = PBXGroup;
			children = (
				9EB01FE82B9622C300D26366 /* Extensions */,
				9EB01FC02B95CC8C00D26366 /* Network */,
				9EB01FD42B95CD8600D26366 /* Constants.swift */,
			);
			path = Common;
			sourceTree = "<group>";
		};
		9EB01FC02B95CC8C00D26366 /* Network */ = {
			isa = PBXGroup;
			children = (
				9EB01FCF2B95CD3B00D26366 /* API */,
				9EB01FC62B95CCD800D26366 /* Request */,
				9EB01FC12B95CCA500D26366 /* Models */,
			);
			path = Network;
			sourceTree = "<group>";
		};
		9EB01FC12B95CCA500D26366 /* Models */ = {
			isa = PBXGroup;
			children = (
				9EB01FC22B95CCB800D26366 /* APIErrorResponse.swift */,
				9EB01FC42B95CCCC00D26366 /* ResultResponse.swift */,
			);
			path = Models;
			sourceTree = "<group>";
		};
		9EB01FC62B95CCD800D26366 /* Request */ = {
			isa = PBXGroup;
			children = (
				9EB01FC72B95CCEB00D26366 /* APIRequest.swift */,
				9EB01FC92B95CCFF00D26366 /* HTTPMethod.swift */,
				9EB01FCB2B95CD1200D26366 /* NetworkRequest.swift */,
				9EB01FCD2B95CD2E00D26366 /* NetworkRequester.swift */,
			);
			path = Request;
			sourceTree = "<group>";
		};
		9EB01FCF2B95CD3B00D26366 /* API */ = {
			isa = PBXGroup;
			children = (
				9EB01FD02B95CD5300D26366 /* APIURL.swift */,
				9EB01FD22B95CD6900D26366 /* APIPath.swift */,
			);
			path = API;
			sourceTree = "<group>";
		};
		9EB01FD62B96081800D26366 /* Stocks */ = {
			isa = PBXGroup;
			children = (
				9EB01FE32B96096300D26366 /* Common */,
				9EB01FD72B96084700D26366 /* StocksList */,
				9EB01FED2B962F7600D26366 /* StockDetails */,
			);
			path = Stocks;
			sourceTree = "<group>";
		};
		9EB01FD72B96084700D26366 /* StocksList */ = {
			isa = PBXGroup;
			children = (
				9EB01FD82B96085B00D26366 /* Service */,
				9EB01FDF2B9608E600D26366 /* StockListScreen.swift */,
				9EB01FE12B9608FF00D26366 /* StockListViewModel.swift */,
				9EB01FE62B96109700D26366 /* StockListItemView.swift */,
			);
			path = StocksList;
			sourceTree = "<group>";
		};
		9EB01FD82B96085B00D26366 /* Service */ = {
			isa = PBXGroup;
			children = (
				9EB01FD92B96086700D26366 /* StocksAPI.swift */,
				9EB01FDB2B9608A900D26366 /* StocksAPIProtocol.swift */,
				9EB01FDD2B9608BE00D26366 /* StocksRequest.swift */,
			);
			path = Service;
			sourceTree = "<group>";
		};
		9EB01FE32B96096300D26366 /* Common */ = {
			isa = PBXGroup;
			children = (
				9EB01FE42B96097000D26366 /* StockItem.swift */,
			);
			path = Common;
			sourceTree = "<group>";
		};
		9EB01FE82B9622C300D26366 /* Extensions */ = {
			isa = PBXGroup;
			children = (
				9EB01FE92B9622D800D26366 /* Double+Ext.swift */,
				9EB01FEB2B96233400D26366 /* String+Ext.swift */,
			);
			path = Extensions;
			sourceTree = "<group>";
		};
		9EB01FED2B962F7600D26366 /* StockDetails */ = {
			isa = PBXGroup;
			children = (
			);
			path = StockDetails;
			sourceTree = "<group>";
		};
/* End PBXGroup section */

/* Begin PBXNativeTarget section */
		9EB01F912B95CA1500D26366 /* StocksApp */ = {
			isa = PBXNativeTarget;
			buildConfigurationList = 9EB01FB62B95CA1700D26366 /* Build configuration list for PBXNativeTarget "StocksApp" */;
			buildPhases = (
				9EB01F8E2B95CA1500D26366 /* Sources */,
				9EB01F8F2B95CA1500D26366 /* Frameworks */,
				9EB01F902B95CA1500D26366 /* Resources */,
			);
			buildRules = (
			);
			dependencies = (
			);
			name = StocksApp;
			productName = StocksApp;
			productReference = 9EB01F922B95CA1500D26366 /* StocksApp.app */;
			productType = "com.apple.product-type.application";
		};
		9EB01FA12B95CA1700D26366 /* StocksAppTests */ = {
			isa = PBXNativeTarget;
			buildConfigurationList = 9EB01FB92B95CA1700D26366 /* Build configuration list for PBXNativeTarget "StocksAppTests" */;
			buildPhases = (
				9EB01F9E2B95CA1700D26366 /* Sources */,
				9EB01F9F2B95CA1700D26366 /* Frameworks */,
				9EB01FA02B95CA1700D26366 /* Resources */,
			);
			buildRules = (
			);
			dependencies = (
				9EB01FA42B95CA1700D26366 /* PBXTargetDependency */,
			);
			name = StocksAppTests;
			productName = StocksAppTests;
			productReference = 9EB01FA22B95CA1700D26366 /* StocksAppTests.xctest */;
			productType = "com.apple.product-type.bundle.unit-test";
		};
		9EB01FAB2B95CA1700D26366 /* StocksAppUITests */ = {
			isa = PBXNativeTarget;
			buildConfigurationList = 9EB01FBC2B95CA1700D26366 /* Build configuration list for PBXNativeTarget "StocksAppUITests" */;
			buildPhases = (
				9EB01FA82B95CA1700D26366 /* Sources */,
				9EB01FA92B95CA1700D26366 /* Frameworks */,
				9EB01FAA2B95CA1700D26366 /* Resources */,
			);
			buildRules = (
			);
			dependencies = (
				9EB01FAE2B95CA1700D26366 /* PBXTargetDependency */,
			);
			name = StocksAppUITests;
			productName = StocksAppUITests;
			productReference = 9EB01FAC2B95CA1700D26366 /* StocksAppUITests.xctest */;
			productType = "com.apple.product-type.bundle.ui-testing";
		};
/* End PBXNativeTarget section */

/* Begin PBXProject section */
		9EB01F8A2B95CA1500D26366 /* Project object */ = {
			isa = PBXProject;
			attributes = {
				BuildIndependentTargetsInParallel = 1;
				LastSwiftUpdateCheck = 1510;
				LastUpgradeCheck = 1510;
				TargetAttributes = {
					9EB01F912B95CA1500D26366 = {
						CreatedOnToolsVersion = 15.1;
					};
					9EB01FA12B95CA1700D26366 = {
						CreatedOnToolsVersion = 15.1;
						TestTargetID = 9EB01F912B95CA1500D26366;
					};
					9EB01FAB2B95CA1700D26366 = {
						CreatedOnToolsVersion = 15.1;
						TestTargetID = 9EB01F912B95CA1500D26366;
					};
				};
			};
			buildConfigurationList = 9EB01F8D2B95CA1500D26366 /* Build configuration list for PBXProject "StocksApp" */;
			compatibilityVersion = "Xcode 14.0";
			developmentRegion = en;
			hasScannedForEncodings = 0;
			knownRegions = (
				en,
				Base,
			);
			mainGroup = 9EB01F892B95CA1500D26366;
			productRefGroup = 9EB01F932B95CA1500D26366 /* Products */;
			projectDirPath = "";
			projectRoot = "";
			targets = (
				9EB01F912B95CA1500D26366 /* StocksApp */,
				9EB01FA12B95CA1700D26366 /* StocksAppTests */,
				9EB01FAB2B95CA1700D26366 /* StocksAppUITests */,
			);
		};
/* End PBXProject section */

/* Begin PBXResourcesBuildPhase section */
		9EB01F902B95CA1500D26366 /* Resources */ = {
			isa = PBXResourcesBuildPhase;
			buildActionMask = 2147483647;
			files = (
				9EB01F9D2B95CA1700D26366 /* Preview Assets.xcassets in Resources */,
				9EB01F9A2B95CA1700D26366 /* Assets.xcassets in Resources */,
			);
			runOnlyForDeploymentPostprocessing = 0;
		};
		9EB01FA02B95CA1700D26366 /* Resources */ = {
			isa = PBXResourcesBuildPhase;
			buildActionMask = 2147483647;
			files = (
			);
			runOnlyForDeploymentPostprocessing = 0;
		};
		9EB01FAA2B95CA1700D26366 /* Resources */ = {
			isa = PBXResourcesBuildPhase;
			buildActionMask = 2147483647;
			files = (
			);
			runOnlyForDeploymentPostprocessing = 0;
		};
/* End PBXResourcesBuildPhase section */

/* Begin PBXSourcesBuildPhase section */
		9EB01F8E2B95CA1500D26366 /* Sources */ = {
			isa = PBXSourcesBuildPhase;
			buildActionMask = 2147483647;
			files = (
				9EB01FCC2B95CD1200D26366 /* NetworkRequest.swift in Sources */,
				9EB01FD52B95CD8600D26366 /* Constants.swift in Sources */,
				9EB01FD32B95CD6900D26366 /* APIPath.swift in Sources */,
				9EB01FD12B95CD5300D26366 /* APIURL.swift in Sources */,
				9EB01FEA2B9622D800D26366 /* Double+Ext.swift in Sources */,
				9EB01FDE2B9608BE00D26366 /* StocksRequest.swift in Sources */,
				9EB01F982B95CA1500D26366 /* ContentView.swift in Sources */,
				9EB01FE02B9608E600D26366 /* StockListScreen.swift in Sources */,
				9EB01FC52B95CCCC00D26366 /* ResultResponse.swift in Sources */,
				9EB01FE72B96109700D26366 /* StockListItemView.swift in Sources */,
				9EB01FCE2B95CD2E00D26366 /* NetworkRequester.swift in Sources */,
				9EB01FDA2B96086700D26366 /* StocksAPI.swift in Sources */,
				9EB01FDC2B9608A900D26366 /* StocksAPIProtocol.swift in Sources */,
				9EB01FCA2B95CCFF00D26366 /* HTTPMethod.swift in Sources */,
				9EB01F962B95CA1500D26366 /* StocksAppApp.swift in Sources */,
				9EB01FC82B95CCEB00D26366 /* APIRequest.swift in Sources */,
				9EB01FE52B96097000D26366 /* StockItem.swift in Sources */,
				9EB01FC32B95CCB800D26366 /* APIErrorResponse.swift in Sources */,
				9EB01FEC2B96233400D26366 /* String+Ext.swift in Sources */,
				9EB01FE22B9608FF00D26366 /* StockListViewModel.swift in Sources */,
			);
			runOnlyForDeploymentPostprocessing = 0;
		};
		9EB01F9E2B95CA1700D26366 /* Sources */ = {
			isa = PBXSourcesBuildPhase;
			buildActionMask = 2147483647;
			files = (
				9EB01FA72B95CA1700D26366 /* StocksAppTests.swift in Sources */,
			);
			runOnlyForDeploymentPostprocessing = 0;
		};
		9EB01FA82B95CA1700D26366 /* Sources */ = {
			isa = PBXSourcesBuildPhase;
			buildActionMask = 2147483647;
			files = (
				9EB01FB12B95CA1700D26366 /* StocksAppUITests.swift in Sources */,
				9EB01FB32B95CA1700D26366 /* StocksAppUITestsLaunchTests.swift in Sources */,
			);
			runOnlyForDeploymentPostprocessing = 0;
		};
/* End PBXSourcesBuildPhase section */

/* Begin PBXTargetDependency section */
		9EB01FA42B95CA1700D26366 /* PBXTargetDependency */ = {
			isa = PBXTargetDependency;
			target = 9EB01F912B95CA1500D26366 /* StocksApp */;
			targetProxy = 9EB01FA32B95CA1700D26366 /* PBXContainerItemProxy */;
		};
		9EB01FAE2B95CA1700D26366 /* PBXTargetDependency */ = {
			isa = PBXTargetDependency;
			target = 9EB01F912B95CA1500D26366 /* StocksApp */;
			targetProxy = 9EB01FAD2B95CA1700D26366 /* PBXContainerItemProxy */;
		};
/* End PBXTargetDependency section */

/* Begin XCBuildConfiguration section */
		9EB01FB42B95CA1700D26366 /* Debug */ = {
			isa = XCBuildConfiguration;
			buildSettings = {
				ALWAYS_SEARCH_USER_PATHS = NO;
				ASSETCATALOG_COMPILER_GENERATE_SWIFT_ASSET_SYMBOL_EXTENSIONS = YES;
				CLANG_ANALYZER_NONNULL = YES;
				CLANG_ANALYZER_NUMBER_OBJECT_CONVERSION = YES_AGGRESSIVE;
				CLANG_CXX_LANGUAGE_STANDARD = "gnu++20";
				CLANG_ENABLE_MODULES = YES;
				CLANG_ENABLE_OBJC_ARC = YES;
				CLANG_ENABLE_OBJC_WEAK = YES;
				CLANG_WARN_BLOCK_CAPTURE_AUTORELEASING = YES;
				CLANG_WARN_BOOL_CONVERSION = YES;
				CLANG_WARN_COMMA = YES;
				CLANG_WARN_CONSTANT_CONVERSION = YES;
				CLANG_WARN_DEPRECATED_OBJC_IMPLEMENTATIONS = YES;
				CLANG_WARN_DIRECT_OBJC_ISA_USAGE = YES_ERROR;
				CLANG_WARN_DOCUMENTATION_COMMENTS = YES;
				CLANG_WARN_EMPTY_BODY = YES;
				CLANG_WARN_ENUM_CONVERSION = YES;
				CLANG_WARN_INFINITE_RECURSION = YES;
				CLANG_WARN_INT_CONVERSION = YES;
				CLANG_WARN_NON_LITERAL_NULL_CONVERSION = YES;
				CLANG_WARN_OBJC_IMPLICIT_RETAIN_SELF = YES;
				CLANG_WARN_OBJC_LITERAL_CONVERSION = YES;
				CLANG_WARN_OBJC_ROOT_CLASS = YES_ERROR;
				CLANG_WARN_QUOTED_INCLUDE_IN_FRAMEWORK_HEADER = YES;
				CLANG_WARN_RANGE_LOOP_ANALYSIS = YES;
				CLANG_WARN_STRICT_PROTOTYPES = YES;
				CLANG_WARN_SUSPICIOUS_MOVE = YES;
				CLANG_WARN_UNGUARDED_AVAILABILITY = YES_AGGRESSIVE;
				CLANG_WARN_UNREACHABLE_CODE = YES;
				CLANG_WARN__DUPLICATE_METHOD_MATCH = YES;
				COPY_PHASE_STRIP = NO;
				DEBUG_INFORMATION_FORMAT = dwarf;
				ENABLE_STRICT_OBJC_MSGSEND = YES;
				ENABLE_TESTABILITY = YES;
				ENABLE_USER_SCRIPT_SANDBOXING = YES;
				GCC_C_LANGUAGE_STANDARD = gnu17;
				GCC_DYNAMIC_NO_PIC = NO;
				GCC_NO_COMMON_BLOCKS = YES;
				GCC_OPTIMIZATION_LEVEL = 0;
				GCC_PREPROCESSOR_DEFINITIONS = (
					"DEBUG=1",
					"$(inherited)",
				);
				GCC_WARN_64_TO_32_BIT_CONVERSION = YES;
				GCC_WARN_ABOUT_RETURN_TYPE = YES_ERROR;
				GCC_WARN_UNDECLARED_SELECTOR = YES;
				GCC_WARN_UNINITIALIZED_AUTOS = YES_AGGRESSIVE;
				GCC_WARN_UNUSED_FUNCTION = YES;
				GCC_WARN_UNUSED_VARIABLE = YES;
				IPHONEOS_DEPLOYMENT_TARGET = 17.2;
				LOCALIZATION_PREFERS_STRING_CATALOGS = YES;
				MTL_ENABLE_DEBUG_INFO = INCLUDE_SOURCE;
				MTL_FAST_MATH = YES;
				ONLY_ACTIVE_ARCH = YES;
				SDKROOT = iphoneos;
				SWIFT_ACTIVE_COMPILATION_CONDITIONS = "DEBUG $(inherited)";
				SWIFT_OPTIMIZATION_LEVEL = "-Onone";
			};
			name = Debug;
		};
		9EB01FB52B95CA1700D26366 /* Release */ = {
			isa = XCBuildConfiguration;
			buildSettings = {
				ALWAYS_SEARCH_USER_PATHS = NO;
				ASSETCATALOG_COMPILER_GENERATE_SWIFT_ASSET_SYMBOL_EXTENSIONS = YES;
				CLANG_ANALYZER_NONNULL = YES;
				CLANG_ANALYZER_NUMBER_OBJECT_CONVERSION = YES_AGGRESSIVE;
				CLANG_CXX_LANGUAGE_STANDARD = "gnu++20";
				CLANG_ENABLE_MODULES = YES;
				CLANG_ENABLE_OBJC_ARC = YES;
				CLANG_ENABLE_OBJC_WEAK = YES;
				CLANG_WARN_BLOCK_CAPTURE_AUTORELEASING = YES;
				CLANG_WARN_BOOL_CONVERSION = YES;
				CLANG_WARN_COMMA = YES;
				CLANG_WARN_CONSTANT_CONVERSION = YES;
				CLANG_WARN_DEPRECATED_OBJC_IMPLEMENTATIONS = YES;
				CLANG_WARN_DIRECT_OBJC_ISA_USAGE = YES_ERROR;
				CLANG_WARN_DOCUMENTATION_COMMENTS = YES;
				CLANG_WARN_EMPTY_BODY = YES;
				CLANG_WARN_ENUM_CONVERSION = YES;
				CLANG_WARN_INFINITE_RECURSION = YES;
				CLANG_WARN_INT_CONVERSION = YES;
				CLANG_WARN_NON_LITERAL_NULL_CONVERSION = YES;
				CLANG_WARN_OBJC_IMPLICIT_RETAIN_SELF = YES;
				CLANG_WARN_OBJC_LITERAL_CONVERSION = YES;
				CLANG_WARN_OBJC_ROOT_CLASS = YES_ERROR;
				CLANG_WARN_QUOTED_INCLUDE_IN_FRAMEWORK_HEADER = YES;
				CLANG_WARN_RANGE_LOOP_ANALYSIS = YES;
				CLANG_WARN_STRICT_PROTOTYPES = YES;
				CLANG_WARN_SUSPICIOUS_MOVE = YES;
				CLANG_WARN_UNGUARDED_AVAILABILITY = YES_AGGRESSIVE;
				CLANG_WARN_UNREACHABLE_CODE = YES;
				CLANG_WARN__DUPLICATE_METHOD_MATCH = YES;
				COPY_PHASE_STRIP = NO;
				DEBUG_INFORMATION_FORMAT = "dwarf-with-dsym";
				ENABLE_NS_ASSERTIONS = NO;
				ENABLE_STRICT_OBJC_MSGSEND = YES;
				ENABLE_USER_SCRIPT_SANDBOXING = YES;
				GCC_C_LANGUAGE_STANDARD = gnu17;
				GCC_NO_COMMON_BLOCKS = YES;
				GCC_WARN_64_TO_32_BIT_CONVERSION = YES;
				GCC_WARN_ABOUT_RETURN_TYPE = YES_ERROR;
				GCC_WARN_UNDECLARED_SELECTOR = YES;
				GCC_WARN_UNINITIALIZED_AUTOS = YES_AGGRESSIVE;
				GCC_WARN_UNUSED_FUNCTION = YES;
				GCC_WARN_UNUSED_VARIABLE = YES;
				IPHONEOS_DEPLOYMENT_TARGET = 17.2;
				LOCALIZATION_PREFERS_STRING_CATALOGS = YES;
				MTL_ENABLE_DEBUG_INFO = NO;
				MTL_FAST_MATH = YES;
				SDKROOT = iphoneos;
				SWIFT_COMPILATION_MODE = wholemodule;
				VALIDATE_PRODUCT = YES;
			};
			name = Release;
		};
		9EB01FB72B95CA1700D26366 /* Debug */ = {
			isa = XCBuildConfiguration;
			buildSettings = {
				ASSETCATALOG_COMPILER_APPICON_NAME = AppIcon;
				ASSETCATALOG_COMPILER_GLOBAL_ACCENT_COLOR_NAME = AccentColor;
				CODE_SIGN_STYLE = Automatic;
				CURRENT_PROJECT_VERSION = 1;
				DEVELOPMENT_ASSET_PATHS = "\"StocksApp/Preview Content\"";
				ENABLE_PREVIEWS = YES;
				GENERATE_INFOPLIST_FILE = YES;
				INFOPLIST_KEY_UIApplicationSceneManifest_Generation = YES;
				INFOPLIST_KEY_UIApplicationSupportsIndirectInputEvents = YES;
				INFOPLIST_KEY_UILaunchScreen_Generation = YES;
				INFOPLIST_KEY_UISupportedInterfaceOrientations_iPad = "UIInterfaceOrientationPortrait UIInterfaceOrientationPortraitUpsideDown UIInterfaceOrientationLandscapeLeft UIInterfaceOrientationLandscapeRight";
				INFOPLIST_KEY_UISupportedInterfaceOrientations_iPhone = "UIInterfaceOrientationPortrait UIInterfaceOrientationLandscapeLeft UIInterfaceOrientationLandscapeRight";
				LD_RUNPATH_SEARCH_PATHS = (
					"$(inherited)",
					"@executable_path/Frameworks",
				);
				MARKETING_VERSION = 1.0;
				PRODUCT_BUNDLE_IDENTIFIER = miguel.StocksApp;
				PRODUCT_NAME = "$(TARGET_NAME)";
				SWIFT_EMIT_LOC_STRINGS = YES;
				SWIFT_VERSION = 5.0;
				TARGETED_DEVICE_FAMILY = "1,2";
			};
			name = Debug;
		};
		9EB01FB82B95CA1700D26366 /* Release */ = {
			isa = XCBuildConfiguration;
			buildSettings = {
				ASSETCATALOG_COMPILER_APPICON_NAME = AppIcon;
				ASSETCATALOG_COMPILER_GLOBAL_ACCENT_COLOR_NAME = AccentColor;
				CODE_SIGN_STYLE = Automatic;
				CURRENT_PROJECT_VERSION = 1;
				DEVELOPMENT_ASSET_PATHS = "\"StocksApp/Preview Content\"";
				ENABLE_PREVIEWS = YES;
				GENERATE_INFOPLIST_FILE = YES;
				INFOPLIST_KEY_UIApplicationSceneManifest_Generation = YES;
				INFOPLIST_KEY_UIApplicationSupportsIndirectInputEvents = YES;
				INFOPLIST_KEY_UILaunchScreen_Generation = YES;
				INFOPLIST_KEY_UISupportedInterfaceOrientations_iPad = "UIInterfaceOrientationPortrait UIInterfaceOrientationPortraitUpsideDown UIInterfaceOrientationLandscapeLeft UIInterfaceOrientationLandscapeRight";
				INFOPLIST_KEY_UISupportedInterfaceOrientations_iPhone = "UIInterfaceOrientationPortrait UIInterfaceOrientationLandscapeLeft UIInterfaceOrientationLandscapeRight";
				LD_RUNPATH_SEARCH_PATHS = (
					"$(inherited)",
					"@executable_path/Frameworks",
				);
				MARKETING_VERSION = 1.0;
				PRODUCT_BUNDLE_IDENTIFIER = miguel.StocksApp;
				PRODUCT_NAME = "$(TARGET_NAME)";
				SWIFT_EMIT_LOC_STRINGS = YES;
				SWIFT_VERSION = 5.0;
				TARGETED_DEVICE_FAMILY = "1,2";
			};
			name = Release;
		};
		9EB01FBA2B95CA1700D26366 /* Debug */ = {
			isa = XCBuildConfiguration;
			buildSettings = {
				ALWAYS_EMBED_SWIFT_STANDARD_LIBRARIES = YES;
				BUNDLE_LOADER = "$(TEST_HOST)";
				CODE_SIGN_STYLE = Automatic;
				CURRENT_PROJECT_VERSION = 1;
				GENERATE_INFOPLIST_FILE = YES;
				IPHONEOS_DEPLOYMENT_TARGET = 17.2;
				MARKETING_VERSION = 1.0;
				PRODUCT_BUNDLE_IDENTIFIER = miguel.StocksAppTests;
				PRODUCT_NAME = "$(TARGET_NAME)";
				SWIFT_EMIT_LOC_STRINGS = NO;
				SWIFT_VERSION = 5.0;
				TARGETED_DEVICE_FAMILY = "1,2";
				TEST_HOST = "$(BUILT_PRODUCTS_DIR)/StocksApp.app/$(BUNDLE_EXECUTABLE_FOLDER_PATH)/StocksApp";
			};
			name = Debug;
		};
		9EB01FBB2B95CA1700D26366 /* Release */ = {
			isa = XCBuildConfiguration;
			buildSettings = {
				ALWAYS_EMBED_SWIFT_STANDARD_LIBRARIES = YES;
				BUNDLE_LOADER = "$(TEST_HOST)";
				CODE_SIGN_STYLE = Automatic;
				CURRENT_PROJECT_VERSION = 1;
				GENERATE_INFOPLIST_FILE = YES;
				IPHONEOS_DEPLOYMENT_TARGET = 17.2;
				MARKETING_VERSION = 1.0;
				PRODUCT_BUNDLE_IDENTIFIER = miguel.StocksAppTests;
				PRODUCT_NAME = "$(TARGET_NAME)";
				SWIFT_EMIT_LOC_STRINGS = NO;
				SWIFT_VERSION = 5.0;
				TARGETED_DEVICE_FAMILY = "1,2";
				TEST_HOST = "$(BUILT_PRODUCTS_DIR)/StocksApp.app/$(BUNDLE_EXECUTABLE_FOLDER_PATH)/StocksApp";
			};
			name = Release;
		};
		9EB01FBD2B95CA1700D26366 /* Debug */ = {
			isa = XCBuildConfiguration;
			buildSettings = {
				ALWAYS_EMBED_SWIFT_STANDARD_LIBRARIES = YES;
				CODE_SIGN_STYLE = Automatic;
				CURRENT_PROJECT_VERSION = 1;
				GENERATE_INFOPLIST_FILE = YES;
				MARKETING_VERSION = 1.0;
				PRODUCT_BUNDLE_IDENTIFIER = miguel.StocksAppUITests;
				PRODUCT_NAME = "$(TARGET_NAME)";
				SWIFT_EMIT_LOC_STRINGS = NO;
				SWIFT_VERSION = 5.0;
				TARGETED_DEVICE_FAMILY = "1,2";
				TEST_TARGET_NAME = StocksApp;
			};
			name = Debug;
		};
		9EB01FBE2B95CA1700D26366 /* Release */ = {
			isa = XCBuildConfiguration;
			buildSettings = {
				ALWAYS_EMBED_SWIFT_STANDARD_LIBRARIES = YES;
				CODE_SIGN_STYLE = Automatic;
				CURRENT_PROJECT_VERSION = 1;
				GENERATE_INFOPLIST_FILE = YES;
				MARKETING_VERSION = 1.0;
				PRODUCT_BUNDLE_IDENTIFIER = miguel.StocksAppUITests;
				PRODUCT_NAME = "$(TARGET_NAME)";
				SWIFT_EMIT_LOC_STRINGS = NO;
				SWIFT_VERSION = 5.0;
				TARGETED_DEVICE_FAMILY = "1,2";
				TEST_TARGET_NAME = StocksApp;
			};
			name = Release;
		};
/* End XCBuildConfiguration section */

/* Begin XCConfigurationList section */
		9EB01F8D2B95CA1500D26366 /* Build configuration list for PBXProject "StocksApp" */ = {
			isa = XCConfigurationList;
			buildConfigurations = (
				9EB01FB42B95CA1700D26366 /* Debug */,
				9EB01FB52B95CA1700D26366 /* Release */,
			);
			defaultConfigurationIsVisible = 0;
			defaultConfigurationName = Release;
		};
		9EB01FB62B95CA1700D26366 /* Build configuration list for PBXNativeTarget "StocksApp" */ = {
			isa = XCConfigurationList;
			buildConfigurations = (
				9EB01FB72B95CA1700D26366 /* Debug */,
				9EB01FB82B95CA1700D26366 /* Release */,
			);
			defaultConfigurationIsVisible = 0;
			defaultConfigurationName = Release;
		};
		9EB01FB92B95CA1700D26366 /* Build configuration list for PBXNativeTarget "StocksAppTests" */ = {
			isa = XCConfigurationList;
			buildConfigurations = (
				9EB01FBA2B95CA1700D26366 /* Debug */,
				9EB01FBB2B95CA1700D26366 /* Release */,
			);
			defaultConfigurationIsVisible = 0;
			defaultConfigurationName = Release;
		};
		9EB01FBC2B95CA1700D26366 /* Build configuration list for PBXNativeTarget "StocksAppUITests" */ = {
			isa = XCConfigurationList;
			buildConfigurations = (
				9EB01FBD2B95CA1700D26366 /* Debug */,
				9EB01FBE2B95CA1700D26366 /* Release */,
			);
			defaultConfigurationIsVisible = 0;
			defaultConfigurationName = Release;
		};
/* End XCConfigurationList section */
	};
	rootObject = 9EB01F8A2B95CA1500D26366 /* Project object */;
}
